# THIS IS AN AUTOGENERATED FILE. DO NOT EDIT THIS FILE DIRECTLY.
# yarn lockfile v1


"@js-joda/timezone@2.3.0":
  version "2.3.0"
  resolved "https://registry.yarnpkg.com/@js-joda/timezone/-/timezone-2.3.0.tgz#72878f6dc8afef20c29906e5d8d946f91618a2c3"
  integrity sha512-DHXdNs0SydSqC5f0oRJPpTcNfnpRojgBqMCFupQFv6WgeZAjU3DBx+A7JtaGPP3dHrP2Odi2N8Vf+uAm/8ynCQ==
